
Microsoft Visual Studio Solution File, Format Version 12.00
# Visual Studio Version 17
VisualStudioVersion = 17.6.33815.320
MinimumVisualStudioVersion = 10.0.40219.1
Project("{FAE04EC0-301F-11D3-BF4B-00C04F79EFBC}") = "AspNetWebFormsApp", "AspNetWebFormsApp\AspNetWebFormsApp.csproj", "{A82384B9-ECE2-4AD8-BDAF-1A1247B7FFA6}"
EndProject
Global
	GlobalSection(SolutionConfigurationPlatforms) = preSolution
		Debug|Any CPU = Debug|Any CPU
		Release|Any CPU = Release|Any CPU
	EndGlobalSection
	GlobalSection(ProjectConfigurationPlatforms) = postSolution
		{A82384B9-ECE2-4AD8-BDAF-1A1247B7FFA6}.Debug|Any CPU.ActiveCfg = Debug|Any CPU
		{A82384B9-ECE2-4AD8-BDAF-1A1247B7FFA6}.Debug|Any CPU.Build.0 = Debug|Any CPU
		{A82384B9-ECE2-4AD8-BDAF-1A1247B7FFA6}.Release|Any CPU.ActiveCfg = Release|Any CPU
		{A82384B9-ECE2-4AD8-BDAF-1A1247B7FFA6}.Release|Any CPU.Build.0 = Release|Any CPU
	EndGlobalSection
	GlobalSection(SolutionProperties) = preSolution
		HideSolutionNode = FALSE
	EndGlobalSection
	GlobalSection(ExtensibilityGlobals) = postSolution
		SolutionGuid = {F7B3C712-35F3-4828-9E10-A0EB9C302B9A}
	EndGlobalSection
EndGlobal
